
Microsoft Visual Studio Solution File, Format Version 12.00
Project("{FAE04EC0-301F-11D3-BF4B-00C04F79EFBC}") = "parallel-timelines", "parallel-timelines.csproj", "{03FFA315-7491-4225-97E9-DC296EF6E18E}"
EndProject
Global
	GlobalSection(SolutionConfigurationPlatforms) = preSolution
		Debug|Any CPU = Debug|Any CPU
		Release|Any CPU = Release|Any CPU
	EndGlobalSection
	GlobalSection(ProjectConfigurationPlatforms) = postSolution
		{03FFA315-7491-4225-97E9-DC296EF6E18E}.Debug|Any CPU.ActiveCfg = Debug|Any CPU
		{03FFA315-7491-4225-97E9-DC296EF6E18E}.Debug|Any CPU.Build.0 = Debug|Any CPU
		{03FFA315-7491-4225-97E9-DC296EF6E18E}.Release|Any CPU.ActiveCfg = Release|Any CPU
		{03FFA315-7491-4225-97E9-DC296EF6E18E}.Release|Any CPU.Build.0 = Release|Any CPU
	EndGlobalSection
EndGlobal
